
Microsoft Visual Studio Solution File, Format Version 12.00
# Visual Studio Version 17
VisualStudioVersion = 17.9.34728.123
MinimumVisualStudioVersion = 10.0.40219.1
Project("{9A19103F-16F7-4668-BE54-9A1E7A4F7556}") = "PRN222.RoomBooking.Repositories", "PRN222.RoomBooking.Repositories\PRN222.RoomBooking.Repositories.csproj", "{A839F663-13C4-4BC8-894B-18B5B62A6B80}"
EndProject
Project("{9A19103F-16F7-4668-BE54-9A1E7A4F7556}") = "PRN222.RoomBooking.Services", "PRN222.RoomBooking.Services\PRN222.RoomBooking.Services.csproj", "{4B98E6E1-A8B4-40CF-8171-D69C2B552B17}"
EndProject
Project("{9A19103F-16F7-4668-BE54-9A1E7A4F7556}") = "PRN222.RoomBooking.UserRazor", "PRN222.RoomBooking.UserRazor\PRN222.RoomBooking.UserRazor.csproj", "{F9F529A4-6F5B-4361-9B77-BF6AEB7802BA}"
EndProject
Project("{9A19103F-16F7-4668-BE54-9A1E7A4F7556}") = "PRN222.RoomBooking.ManagerMVC", "PRN222.RoomBooking.ManagerMVC\PRN222.RoomBooking.ManagerMVC.csproj", "{D5F300CF-71D4-4461-AED3-56FF3402A7E1}"
EndProject
Project("{9A19103F-16F7-4668-BE54-9A1E7A4F7556}") = "PRN222.RoomBooking.AdminBlazor", "PRN222.RoomBooking.AdminBlazor\PRN222.RoomBooking.AdminBlazor.csproj", "{C19C91EC-AE8A-43C4-A077-BCB6AE042D87}"
EndProject
Global
	GlobalSection(SolutionConfigurationPlatforms) = preSolution
		Debug|Any CPU = Debug|Any CPU
		Release|Any CPU = Release|Any CPU
	EndGlobalSection
	GlobalSection(ProjectConfigurationPlatforms) = postSolution
		{A839F663-13C4-4BC8-894B-18B5B62A6B80}.Debug|Any CPU.ActiveCfg = Debug|Any CPU
		{A839F663-13C4-4BC8-894B-18B5B62A6B80}.Debug|Any CPU.Build.0 = Debug|Any CPU
		{A839F663-13C4-4BC8-894B-18B5B62A6B80}.Release|Any CPU.ActiveCfg = Release|Any CPU
		{A839F663-13C4-4BC8-894B-18B5B62A6B80}.Release|Any CPU.Build.0 = Release|Any CPU
		{4B98E6E1-A8B4-40CF-8171-D69C2B552B17}.Debug|Any CPU.ActiveCfg = Debug|Any CPU
		{4B98E6E1-A8B4-40CF-8171-D69C2B552B17}.Debug|Any CPU.Build.0 = Debug|Any CPU
		{4B98E6E1-A8B4-40CF-8171-D69C2B552B17}.Release|Any CPU.ActiveCfg = Release|Any CPU
		{4B98E6E1-A8B4-40CF-8171-D69C2B552B17}.Release|Any CPU.Build.0 = Release|Any CPU
		{F9F529A4-6F5B-4361-9B77-BF6AEB7802BA}.Debug|Any CPU.ActiveCfg = Debug|Any CPU
		{F9F529A4-6F5B-4361-9B77-BF6AEB7802BA}.Debug|Any CPU.Build.0 = Debug|Any CPU
		{F9F529A4-6F5B-4361-9B77-BF6AEB7802BA}.Release|Any CPU.ActiveCfg = Release|Any CPU
		{F9F529A4-6F5B-4361-9B77-BF6AEB7802BA}.Release|Any CPU.Build.0 = Release|Any CPU
		{D5F300CF-71D4-4461-AED3-56FF3402A7E1}.Debug|Any CPU.ActiveCfg = Debug|Any CPU
		{D5F300CF-71D4-4461-AED3-56FF3402A7E1}.Debug|Any CPU.Build.0 = Debug|Any CPU
		{D5F300CF-71D4-4461-AED3-56FF3402A7E1}.Release|Any CPU.ActiveCfg = Release|Any CPU
		{D5F300CF-71D4-4461-AED3-56FF3402A7E1}.Release|Any CPU.Build.0 = Release|Any CPU
		{C19C91EC-AE8A-43C4-A077-BCB6AE042D87}.Debug|Any CPU.ActiveCfg = Debug|Any CPU
		{C19C91EC-AE8A-43C4-A077-BCB6AE042D87}.Debug|Any CPU.Build.0 = Debug|Any CPU
		{C19C91EC-AE8A-43C4-A077-BCB6AE042D87}.Release|Any CPU.ActiveCfg = Release|Any CPU
		{C19C91EC-AE8A-43C4-A077-BCB6AE042D87}.Release|Any CPU.Build.0 = Release|Any CPU
	EndGlobalSection
	GlobalSection(SolutionProperties) = preSolution
		HideSolutionNode = FALSE
	EndGlobalSection
	GlobalSection(ExtensibilityGlobals) = postSolution
		SolutionGuid = {3D9757C0-CE82-4254-A6C2-547EDFB5927C}
	EndGlobalSection
EndGlobal
